
Microsoft Visual Studio Solution File, Format Version 12.00
# Visual Studio Version 17
VisualStudioVersion = 17.10.34928.147
MinimumVisualStudioVersion = 10.0.40219.1
Project("{9A19103F-16F7-4668-BE54-9A1E7A4F7556}") = "InvoiceGeneratorAPI", "InvoiceGeneratorAPI\InvoiceGeneratorAPI.csproj", "{A882161E-0F5D-4732-B12D-258502BD183D}"
EndProject
Project("{9A19103F-16F7-4668-BE54-9A1E7A4F7556}") = "InvoiceGenerator.DataAccess", "InvoiceGenerator.DataAccess\InvoiceGenerator.DataAccess.csproj", "{D92340FF-039C-4D16-AFEB-5391A8669DDB}"
EndProject
Project("{9A19103F-16F7-4668-BE54-9A1E7A4F7556}") = "InvoiceGenerator.Model", "InvoiceGenerator.Model\InvoiceGenerator.Model.csproj", "{57CAC3E0-08B3-4E13-8FC2-FCBFE98EB919}"
EndProject
Project("{9A19103F-16F7-4668-BE54-9A1E7A4F7556}") = "InvoiceGenerator.Utility", "InvoiceGenerator.Utility\InvoiceGenerator.Utility.csproj", "{EB93F60F-70DD-4947-AD44-EDDBC4D8292F}"
EndProject
Project("{FAE04EC0-301F-11D3-BF4B-00C04F79EFBC}") = "StaticData", "StaticData\StaticData.csproj", "{8B68ADB1-15CD-4669-85C5-88A97A5BC74E}"
EndProject
Global
	GlobalSection(SolutionConfigurationPlatforms) = preSolution
		Debug|Any CPU = Debug|Any CPU
		Release|Any CPU = Release|Any CPU
	EndGlobalSection
	GlobalSection(ProjectConfigurationPlatforms) = postSolution
		{A882161E-0F5D-4732-B12D-258502BD183D}.Debug|Any CPU.ActiveCfg = Debug|Any CPU
		{A882161E-0F5D-4732-B12D-258502BD183D}.Debug|Any CPU.Build.0 = Debug|Any CPU
		{A882161E-0F5D-4732-B12D-258502BD183D}.Release|Any CPU.ActiveCfg = Release|Any CPU
		{A882161E-0F5D-4732-B12D-258502BD183D}.Release|Any CPU.Build.0 = Release|Any CPU
		{D92340FF-039C-4D16-AFEB-5391A8669DDB}.Debug|Any CPU.ActiveCfg = Debug|Any CPU
		{D92340FF-039C-4D16-AFEB-5391A8669DDB}.Debug|Any CPU.Build.0 = Debug|Any CPU
		{D92340FF-039C-4D16-AFEB-5391A8669DDB}.Release|Any CPU.ActiveCfg = Release|Any CPU
		{D92340FF-039C-4D16-AFEB-5391A8669DDB}.Release|Any CPU.Build.0 = Release|Any CPU
		{57CAC3E0-08B3-4E13-8FC2-FCBFE98EB919}.Debug|Any CPU.ActiveCfg = Debug|Any CPU
		{57CAC3E0-08B3-4E13-8FC2-FCBFE98EB919}.Debug|Any CPU.Build.0 = Debug|Any CPU
		{57CAC3E0-08B3-4E13-8FC2-FCBFE98EB919}.Release|Any CPU.ActiveCfg = Release|Any CPU
		{57CAC3E0-08B3-4E13-8FC2-FCBFE98EB919}.Release|Any CPU.Build.0 = Release|Any CPU
		{EB93F60F-70DD-4947-AD44-EDDBC4D8292F}.Debug|Any CPU.ActiveCfg = Debug|Any CPU
		{EB93F60F-70DD-4947-AD44-EDDBC4D8292F}.Debug|Any CPU.Build.0 = Debug|Any CPU
		{EB93F60F-70DD-4947-AD44-EDDBC4D8292F}.Release|Any CPU.ActiveCfg = Release|Any CPU
		{EB93F60F-70DD-4947-AD44-EDDBC4D8292F}.Release|Any CPU.Build.0 = Release|Any CPU
		{8B68ADB1-15CD-4669-85C5-88A97A5BC74E}.Debug|Any CPU.ActiveCfg = Debug|Any CPU
		{8B68ADB1-15CD-4669-85C5-88A97A5BC74E}.Debug|Any CPU.Build.0 = Debug|Any CPU
		{8B68ADB1-15CD-4669-85C5-88A97A5BC74E}.Release|Any CPU.ActiveCfg = Release|Any CPU
		{8B68ADB1-15CD-4669-85C5-88A97A5BC74E}.Release|Any CPU.Build.0 = Release|Any CPU
	EndGlobalSection
	GlobalSection(SolutionProperties) = preSolution
		HideSolutionNode = FALSE
	EndGlobalSection
	GlobalSection(ExtensibilityGlobals) = postSolution
		SolutionGuid = {B06A0980-6595-4288-940D-D142793275A3}
	EndGlobalSection
EndGlobal
